
Microsoft Visual Studio Solution File, Format Version 12.00
# Visual Studio Version 16
VisualStudioVersion = 16.0.32002.261
MinimumVisualStudioVersion = 10.0.40219.1
Project("{FAE04EC0-301F-11D3-BF4B-00C04F79EFBC}") = "BibliotecaDatos", "BibliotecaDatos\BibliotecaDatos.csproj", "{932FEDD0-553E-4408-9197-93D145E8BB72}"
EndProject
Project("{FAE04EC0-301F-11D3-BF4B-00C04F79EFBC}") = "InterfazUsuarioWindows", "InterfazUsuarioWindows\InterfazUsuarioWindows.csproj", "{063EC146-2E86-4DD1-ABD4-E91705543B0E}"
EndProject
Project("{FAE04EC0-301F-11D3-BF4B-00C04F79EFBC}") = "IUWEBTH", "IUWEBTH\IUWEBTH.csproj", "{CAF3B566-B306-4D68-8096-6438D178B34C}"
EndProject
Global
	GlobalSection(SolutionConfigurationPlatforms) = preSolution
		Debug|Any CPU = Debug|Any CPU
		Release|Any CPU = Release|Any CPU
	EndGlobalSection
	GlobalSection(ProjectConfigurationPlatforms) = postSolution
		{932FEDD0-553E-4408-9197-93D145E8BB72}.Debug|Any CPU.ActiveCfg = Debug|Any CPU
		{932FEDD0-553E-4408-9197-93D145E8BB72}.Debug|Any CPU.Build.0 = Debug|Any CPU
		{932FEDD0-553E-4408-9197-93D145E8BB72}.Release|Any CPU.ActiveCfg = Release|Any CPU
		{932FEDD0-553E-4408-9197-93D145E8BB72}.Release|Any CPU.Build.0 = Release|Any CPU
		{063EC146-2E86-4DD1-ABD4-E91705543B0E}.Debug|Any CPU.ActiveCfg = Debug|Any CPU
		{063EC146-2E86-4DD1-ABD4-E91705543B0E}.Debug|Any CPU.Build.0 = Debug|Any CPU
		{063EC146-2E86-4DD1-ABD4-E91705543B0E}.Release|Any CPU.ActiveCfg = Release|Any CPU
		{063EC146-2E86-4DD1-ABD4-E91705543B0E}.Release|Any CPU.Build.0 = Release|Any CPU
		{CAF3B566-B306-4D68-8096-6438D178B34C}.Debug|Any CPU.ActiveCfg = Debug|Any CPU
		{CAF3B566-B306-4D68-8096-6438D178B34C}.Debug|Any CPU.Build.0 = Debug|Any CPU
		{CAF3B566-B306-4D68-8096-6438D178B34C}.Release|Any CPU.ActiveCfg = Release|Any CPU
		{CAF3B566-B306-4D68-8096-6438D178B34C}.Release|Any CPU.Build.0 = Release|Any CPU
	EndGlobalSection
	GlobalSection(SolutionProperties) = preSolution
		HideSolutionNode = FALSE
	EndGlobalSection
	GlobalSection(ExtensibilityGlobals) = postSolution
		SolutionGuid = {107650A1-AD06-494D-AC64-0A2B40D5EF3E}
	EndGlobalSection
EndGlobal
